PODS:
  - connectycube_flutter_call_kit (0.1.0):
    - Flutter
  - device_info (0.0.1):
    - Flutter
  - Flutter (1.0.0)
  - flutter_webrtc (0.7.1):
    - Flutter
    - Libyuv (= 1703)
    - WebRTC-SDK (= 93.4577.01)
  - Libyuv (1703)
  - path_provider (0.0.1):
    - Flutter
  - platform_device_id (0.0.1):
    - Flutter
  - shared_preferences (0.0.1):
    - Flutter
  - WebRTC-SDK (93.4577.01)

DEPENDENCIES:
  - connectycube_flutter_call_kit (from `.symlinks/plugins/connectycube_flutter_call_kit/ios`)
  - device_info (from `.symlinks/plugins/device_info/ios`)
  - Flutter (from `Flutter`)
  - flutter_webrtc (from `.symlinks/plugins/flutter_webrtc/ios`)
  - path_provider (from `.symlinks/plugins/path_provider/ios`)
  - platform_device_id (from `.symlinks/plugins/platform_device_id/ios`)
  - shared_preferences (from `.symlinks/plugins/shared_preferences/ios`)

SPEC REPOS:
  trunk:
    - Libyuv
    - WebRTC-SDK

EXTERNAL SOURCES:
  connectycube_flutter_call_kit:
    :path: ".symlinks/plugins/connectycube_flutter_call_kit/ios"
  device_info:
    :path: ".symlinks/plugins/device_info/ios"
  Flutter:
    :path: Flutter
  flutter_webrtc:
    :path: ".symlinks/plugins/flutter_webrtc/ios"
  path_provider:
    :path: ".symlinks/plugins/path_provider/ios"
  platform_device_id:
    :path: ".symlinks/plugins/platform_device_id/ios"
  shared_preferences:
    :path: ".symlinks/plugins/shared_preferences/ios"

SPEC CHECKSUMS:
  connectycube_flutter_call_kit: f473baf521399c0f1263c32ecaebe8545a1c541c
  device_info: d7d233b645a32c40dfdc212de5cf646ca482f175
  Flutter: 50d75fe2f02b26cc09d224853bb45737f8b3214a
  flutter_webrtc: 611cab01a48b1d20e2b2409783c182134b8729e5
  Libyuv: 5f79ced0ee66e60a612ca97de1e6ccacd187a437
  path_provider: abfe2b5c733d04e238b0d8691db0cfd63a27a93c
  platform_device_id: 81b3e2993881f87d0c82ef151dc274df4869aef5
  shared_preferences: af6bfa751691cdc24be3045c43ec037377ada40d
  WebRTC-SDK: 166b0e161d93d4b961f410bf7966a634f42aa17d

PODFILE CHECKSUM: fe0e1ee7f3d1f7d00b11b474b62dd62134535aea

COCOAPODS: 1.10.0
