# Generated by pub
# See https://dart.dev/tools/pub/glossary#lockfile
packages:
  _flutterfire_internals:
    dependency: transitive
    description:
      name: _flutterfire_internals
      sha256: ff0a84a2734d9e1089f8aedd5c0af0061b82fb94e95260d943404e0ef2134b11
      url: "https://pub.dev"
    source: hosted
    version: "1.3.59"
  archive:
    dependency: transitive
    description:
      name: archive
      sha256: "2fde1607386ab523f7a36bb3e7edb43bd58e6edaf2ffb29d8a6d578b297fdbbd"
      url: "https://pub.dev"
    source: hosted
    version: "4.0.7"
  args:
    dependency: transitive
    description:
      name: args
      sha256: d0481093c50b1da8910eb0bb301626d4d8eb7284aa739614d2b394ee09e3ea04
      url: "https://pub.dev"
    source: hosted
    version: "2.7.0"
  async:
    dependency: transitive
    description:
      name: async
      sha256: "758e6d74e971c3e5aceb4110bfd6698efc7f501675bcfe0c775459a8140750eb"
      url: "https://pub.dev"
    source: hosted
    version: "2.13.0"
  audio_session:
    dependency: transitive
    description:
      name: audio_session
      sha256: "2b7fff16a552486d078bfc09a8cde19f426dc6d6329262b684182597bec5b1ac"
      url: "https://pub.dev"
    source: hosted
    version: "0.1.25"
  blurhash_dart:
    dependency: "direct main"
    description:
      name: blurhash_dart
      sha256: "43955b6c2e30a7d440028d1af0fa185852f3534b795cc6eb81fbf397b464409f"
      url: "https://pub.dev"
    source: hosted
    version: "1.2.1"
  boolean_selector:
    dependency: transitive
    description:
      name: boolean_selector
      sha256: "8aab1771e1243a5063b8b0ff68042d67334e3feab9e95b9490f9a6ebf73b42ea"
      url: "https://pub.dev"
    source: hosted
    version: "2.1.2"
  cached_network_image:
    dependency: "direct main"
    description:
      name: cached_network_image
      sha256: "7c1183e361e5c8b0a0f21a28401eecdbde252441106a9816400dd4c2b2424916"
      url: "https://pub.dev"
    source: hosted
    version: "3.4.1"
  cached_network_image_platform_interface:
    dependency: transitive
    description:
      name: cached_network_image_platform_interface
      sha256: "35814b016e37fbdc91f7ae18c8caf49ba5c88501813f73ce8a07027a395e2829"
      url: "https://pub.dev"
    source: hosted
    version: "4.1.1"
  cached_network_image_web:
    dependency: transitive
    description:
      name: cached_network_image_web
      sha256: "980842f4e8e2535b8dbd3d5ca0b1f0ba66bf61d14cc3a17a9b4788a3685ba062"
      url: "https://pub.dev"
    source: hosted
    version: "1.3.1"
  cached_video_player_plus:
    dependency: "direct main"
    description:
      name: cached_video_player_plus
      sha256: c671d60a59a018401c07def77d49c749b394b4c6ff489b2b3ceff9ab06822f27
      url: "https://pub.dev"
    source: hosted
    version: "2.0.0"
  characters:
    dependency: transitive
    description:
      name: characters
      sha256: f71061c654a3380576a52b451dd5532377954cf9dbd272a78fc8479606670803
      url: "https://pub.dev"
    source: hosted
    version: "1.4.0"
  clock:
    dependency: transitive
    description:
      name: clock
      sha256: fddb70d9b5277016c77a80201021d40a2247104d9f4aa7bab7157b7e3f05b84b
      url: "https://pub.dev"
    source: hosted
    version: "1.1.2"
  collection:
    dependency: transitive
    description:
      name: collection
      sha256: "2f5709ae4d3d59dd8f7cd309b4e023046b57d8a6c82130785d2b0e5868084e76"
      url: "https://pub.dev"
    source: hosted
    version: "1.19.1"
  connectivity_plus:
    dependency: "direct main"
    description:
      name: connectivity_plus
      sha256: "224a77051d52a11fbad53dd57827594d3bd24f945af28bd70bab376d68d437f0"
      url: "https://pub.dev"
    source: hosted
    version: "5.0.2"
  connectivity_plus_platform_interface:
    dependency: transitive
    description:
      name: connectivity_plus_platform_interface
      sha256: cf1d1c28f4416f8c654d7dc3cd638ec586076255d407cef3ddbdaf178272a71a
      url: "https://pub.dev"
    source: hosted
    version: "1.2.4"
  connectycube_sdk:
    dependency: "direct main"
    description:
      name: connectycube_sdk
      sha256: "51d7da18add8a40318709b13fe9a3d14d88d84ada48b1a42d1b39fe57cb016c4"
      url: "https://pub.dev"
    source: hosted
    version: "3.0.3"
  console:
    dependency: transitive
    description:
      name: console
      sha256: e04e7824384c5b39389acdd6dc7d33f3efe6b232f6f16d7626f194f6a01ad69a
      url: "https://pub.dev"
    source: hosted
    version: "4.1.0"
  cross_file:
    dependency: transitive
    description:
      name: cross_file
      sha256: "7caf6a750a0c04effbb52a676dce9a4a592e10ad35c34d6d2d0e4811160d5670"
      url: "https://pub.dev"
    source: hosted
    version: "0.3.4+2"
  crypto:
    dependency: transitive
    description:
      name: crypto
      sha256: "1e445881f28f22d6140f181e07737b22f1e099a5e1ff94b0af2f9e4a463f4855"
      url: "https://pub.dev"
    source: hosted
    version: "3.0.6"
  cryptoutils:
    dependency: transitive
    description:
      name: cryptoutils
      sha256: e7475f6e5e58f94b975dd537b30ee3507bf6b2370e1b868f381f928d3d4d524c
      url: "https://pub.dev"
    source: hosted
    version: "0.5.0"
  csslib:
    dependency: transitive
    description:
      name: csslib
      sha256: "09bad715f418841f976c77db72d5398dc1253c21fb9c0c7f0b0b985860b2d58e"
      url: "https://pub.dev"
    source: hosted
    version: "1.0.2"
  dart_webrtc:
    dependency: transitive
    description:
      name: dart_webrtc
      sha256: b34e90bc82f33c1023cf98661369c37bccd648c8a4cf882a875d9f5d8bbef694
      url: "https://pub.dev"
    source: hosted
    version: "1.5.2+hotfix.1"
  dbus:
    dependency: transitive
    description:
      name: dbus
      sha256: "79e0c23480ff85dc68de79e2cd6334add97e48f7f4865d17686dd6ea81a47e8c"
      url: "https://pub.dev"
    source: hosted
    version: "0.7.11"
  desktop_webview_auth:
    dependency: transitive
    description:
      name: desktop_webview_auth
      sha256: c4dce73346a7be7243c90ac3b1a68586d9f0e2c2710e81e07d758e80a6ebd920
      url: "https://pub.dev"
    source: hosted
    version: "0.0.15"
  device_info_plus:
    dependency: "direct main"
    description:
      name: device_info_plus
      sha256: a7fd703482b391a87d60b6061d04dfdeab07826b96f9abd8f5ed98068acc0074
      url: "https://pub.dev"
    source: hosted
    version: "10.1.2"
  device_info_plus_platform_interface:
    dependency: transitive
    description:
      name: device_info_plus_platform_interface
      sha256: e1ea89119e34903dca74b883d0dd78eb762814f97fb6c76f35e9ff74d261a18f
      url: "https://pub.dev"
    source: hosted
    version: "7.0.3"
  email_validator:
    dependency: transitive
    description:
      name: email_validator
      sha256: e9a90f27ab2b915a27d7f9c2a7ddda5dd752d6942616ee83529b686fc086221b
      url: "https://pub.dev"
    source: hosted
    version: "2.1.17"
  emoji_picker_flutter:
    dependency: "direct main"
    description:
      name: emoji_picker_flutter
      sha256: "7c6681783e06710608df27be0e38aa4ba73ca1ccac370bb0e7a1320723ae4bca"
      url: "https://pub.dev"
    source: hosted
    version: "2.1.1"
  facebook_auth_desktop:
    dependency: transitive
    description:
      name: facebook_auth_desktop
      sha256: e6cc4d6f50a1d67d99e7dac7d77a40fe27122496e224cb708ae168d7d9aac0ac
      url: "https://pub.dev"
    source: hosted
    version: "1.0.3"
  fake_async:
    dependency: transitive
    description:
      name: fake_async
      sha256: "5368f224a74523e8d2e7399ea1638b37aecfca824a3cc4dfdf77bf1fa905ac44"
      url: "https://pub.dev"
    source: hosted
    version: "1.3.3"
  ffi:
    dependency: transitive
    description:
      name: ffi
      sha256: "289279317b4b16eb2bb7e271abccd4bf84ec9bdcbe999e278a94b804f5630418"
      url: "https://pub.dev"
    source: hosted
    version: "2.1.4"
  file:
    dependency: transitive
    description:
      name: file
      sha256: a3b4f84adafef897088c160faf7dfffb7696046cb13ae90b508c2cbc95d3b8d4
      url: "https://pub.dev"
    source: hosted
    version: "7.0.1"
  file_picker:
    dependency: "direct main"
    description:
      name: file_picker
      sha256: "13ba4e627ef24503a465d1d61b32596ce10eb6b8903678d362a528f9939b4aa8"
      url: "https://pub.dev"
    source: hosted
    version: "10.2.1"
  firebase_auth:
    dependency: "direct main"
    description:
      name: firebase_auth
      sha256: "0fed2133bee1369ee1118c1fef27b2ce0d84c54b7819a2b17dada5cfec3b03ff"
      url: "https://pub.dev"
    source: hosted
    version: "5.7.0"
  firebase_auth_platform_interface:
    dependency: transitive
    description:
      name: firebase_auth_platform_interface
      sha256: "871c9df4ec9a754d1a793f7eb42fa3b94249d464cfb19152ba93e14a5966b386"
      url: "https://pub.dev"
    source: hosted
    version: "7.7.3"
  firebase_auth_web:
    dependency: transitive
    description:
      name: firebase_auth_web
      sha256: d9ada769c43261fd1b18decf113186e915c921a811bd5014f5ea08f4cf4bc57e
      url: "https://pub.dev"
    source: hosted
    version: "5.15.3"
  firebase_core:
    dependency: "direct main"
    description:
      name: firebase_core
      sha256: "7be63a3f841fc9663342f7f3a011a42aef6a61066943c90b1c434d79d5c995c5"
      url: "https://pub.dev"
    source: hosted
    version: "3.15.2"
  firebase_core_platform_interface:
    dependency: transitive
    description:
      name: firebase_core_platform_interface
      sha256: "5dbc900677dcbe5873d22ad7fbd64b047750124f1f9b7ebe2a33b9ddccc838eb"
      url: "https://pub.dev"
    source: hosted
    version: "6.0.0"
  firebase_core_web:
    dependency: transitive
    description:
      name: firebase_core_web
      sha256: "0ed0dc292e8f9ac50992e2394e9d336a0275b6ae400d64163fdf0a8a8b556c37"
      url: "https://pub.dev"
    source: hosted
    version: "2.24.1"
  firebase_dynamic_links:
    dependency: transitive
    description:
      name: firebase_dynamic_links
      sha256: "8bc938fe0cd3bc0e2071204f8f57388e1d3c5fe295f468c4d4e7a342e07b76b8"
      url: "https://pub.dev"
    source: hosted
    version: "6.1.10"
  firebase_dynamic_links_platform_interface:
    dependency: transitive
    description:
      name: firebase_dynamic_links_platform_interface
      sha256: e2a772270f54bf03c28706f73e5bc01465b43f2367e1a0bf339df24dde82928f
      url: "https://pub.dev"
    source: hosted
    version: "0.2.7+10"
  firebase_messaging:
    dependency: "direct main"
    description:
      name: firebase_messaging
      sha256: "60be38574f8b5658e2f22b7e311ff2064bea835c248424a383783464e8e02fcc"
      url: "https://pub.dev"
    source: hosted
    version: "15.2.10"
  firebase_messaging_platform_interface:
    dependency: transitive
    description:
      name: firebase_messaging_platform_interface
      sha256: "685e1771b3d1f9c8502771ccc9f91485b376ffe16d553533f335b9183ea99754"
      url: "https://pub.dev"
    source: hosted
    version: "4.6.10"
  firebase_messaging_web:
    dependency: transitive
    description:
      name: firebase_messaging_web
      sha256: "0d1be17bc89ed3ff5001789c92df678b2e963a51b6fa2bdb467532cc9dbed390"
      url: "https://pub.dev"
    source: hosted
    version: "3.10.10"
  firebase_ui_auth:
    dependency: "direct main"
    description:
      name: firebase_ui_auth
      sha256: bdd40bd93dae8b4f1cd20929a9ed60fa0e7a72ae2f686a7861356423e2989504
      url: "https://pub.dev"
    source: hosted
    version: "1.17.0"
  firebase_ui_localizations:
    dependency: transitive
    description:
      name: firebase_ui_localizations
      sha256: ce1d473d47d54886a3faf9d3dbb72dd5e9b11fe21c52a2f449fcca3c5d8f1c46
      url: "https://pub.dev"
    source: hosted
    version: "1.14.1"
  firebase_ui_oauth:
    dependency: transitive
    description:
      name: firebase_ui_oauth
      sha256: "93cbe788c88b91f4b5dae1619d361c5c4d95259abf3e7f3c7871d83c0f0359b4"
      url: "https://pub.dev"
    source: hosted
    version: "1.7.0"
  firebase_ui_oauth_google:
    dependency: "direct main"
    description:
      name: firebase_ui_oauth_google
      sha256: "8d4a53dd8261e78601045a7b53fdc077636166525520fed6c7addba9ff15316d"
      url: "https://pub.dev"
    source: hosted
    version: "1.4.2"
  firebase_ui_shared:
    dependency: transitive
    description:
      name: firebase_ui_shared
      sha256: f1d07c130a39104d32fba1dab274b7bcb13be2bf4e652624a4ccabb58f9781f1
      url: "https://pub.dev"
    source: hosted
    version: "1.4.1"
  flutter:
    dependency: "direct main"
    description: flutter
    source: sdk
    version: "0.0.0"
  flutter_app_badger:
    dependency: "direct main"
    description:
      path: "."
      ref: "33cbee6"
      resolved-ref: "33cbee625e279b77ad80c6486f93fc154f1bb04a"
      url: "https://github.com/g123k/flutter_app_badger.git"
    source: git
    version: "1.5.0"
  flutter_blurhash:
    dependency: "direct main"
    description:
      name: flutter_blurhash
      sha256: "5e67678e479ac639069d7af1e133f4a4702311491188ff3e0227486430db0c06"
      url: "https://pub.dev"
    source: hosted
    version: "0.8.2"
  flutter_cache_manager:
    dependency: transitive
    description:
      name: flutter_cache_manager
      sha256: "400b6592f16a4409a7f2bb929a9a7e38c72cceb8ffb99ee57bbf2cb2cecf8386"
      url: "https://pub.dev"
    source: hosted
    version: "3.4.1"
  flutter_facebook_auth:
    dependency: "direct main"
    description:
      name: flutter_facebook_auth
      sha256: bc455122d3ea14fd0887b1a0f74d0ead845c04bfc2e68c64d9a701367d665724
      url: "https://pub.dev"
    source: hosted
    version: "6.2.0"
  flutter_facebook_auth_platform_interface:
    dependency: transitive
    description:
      name: flutter_facebook_auth_platform_interface
      sha256: "86630c4dbba1c20fba26ea9e59ad0d48f5ff59e7373cacd36f916160186f9ce9"
      url: "https://pub.dev"
    source: hosted
    version: "5.0.0"
  flutter_facebook_auth_web:
    dependency: transitive
    description:
      name: flutter_facebook_auth_web
      sha256: "22dca8091409309ad85b9f430fbd8f57b686276979da5195e7e97587352567ce"
      url: "https://pub.dev"
    source: hosted
    version: "5.0.0"
  flutter_image_compress:
    dependency: "direct main"
    description:
      name: flutter_image_compress
      sha256: "51d23be39efc2185e72e290042a0da41aed70b14ef97db362a6b5368d0523b27"
      url: "https://pub.dev"
    source: hosted
    version: "2.4.0"
  flutter_image_compress_common:
    dependency: transitive
    description:
      name: flutter_image_compress_common
      sha256: c5c5d50c15e97dd7dc72ff96bd7077b9f791932f2076c5c5b6c43f2c88607bfb
      url: "https://pub.dev"
    source: hosted
    version: "1.0.6"
  flutter_image_compress_macos:
    dependency: transitive
    description:
      name: flutter_image_compress_macos
      sha256: "20019719b71b743aba0ef874ed29c50747461e5e8438980dfa5c2031898f7337"
      url: "https://pub.dev"
    source: hosted
    version: "1.0.3"
  flutter_image_compress_ohos:
    dependency: transitive
    description:
      name: flutter_image_compress_ohos
      sha256: e76b92bbc830ee08f5b05962fc78a532011fcd2041f620b5400a593e96da3f51
      url: "https://pub.dev"
    source: hosted
    version: "0.0.3"
  flutter_image_compress_platform_interface:
    dependency: transitive
    description:
      name: flutter_image_compress_platform_interface
      sha256: "579cb3947fd4309103afe6442a01ca01e1e6f93dc53bb4cbd090e8ce34a41889"
      url: "https://pub.dev"
    source: hosted
    version: "1.0.5"
  flutter_image_compress_web:
    dependency: transitive
    description:
      name: flutter_image_compress_web
      sha256: b9b141ac7c686a2ce7bb9a98176321e1182c9074650e47bb140741a44b6f5a96
      url: "https://pub.dev"
    source: hosted
    version: "0.1.5"
  flutter_lints:
    dependency: "direct dev"
    description:
      name: flutter_lints
      sha256: "9e8c3858111da373efc5aa341de011d9bd23e2c5c5e0c62bccf32438e192d7b1"
      url: "https://pub.dev"
    source: hosted
    version: "3.0.2"
  flutter_local_notifications:
    dependency: "direct main"
    description:
      name: flutter_local_notifications
      sha256: "674173fd3c9eda9d4c8528da2ce0ea69f161577495a9cc835a2a4ecd7eadeb35"
      url: "https://pub.dev"
    source: hosted
    version: "17.2.4"
  flutter_local_notifications_linux:
    dependency: transitive
    description:
      name: flutter_local_notifications_linux
      sha256: c49bd06165cad9beeb79090b18cd1eb0296f4bf4b23b84426e37dd7c027fc3af
      url: "https://pub.dev"
    source: hosted
    version: "4.0.1"
  flutter_local_notifications_platform_interface:
    dependency: transitive
    description:
      name: flutter_local_notifications_platform_interface
      sha256: "85f8d07fe708c1bdcf45037f2c0109753b26ae077e9d9e899d55971711a4ea66"
      url: "https://pub.dev"
    source: hosted
    version: "7.2.0"
  flutter_localizations:
    dependency: "direct dev"
    description: flutter
    source: sdk
    version: "0.0.0"
  flutter_plugin_android_lifecycle:
    dependency: transitive
    description:
      name: flutter_plugin_android_lifecycle
      sha256: f948e346c12f8d5480d2825e03de228d0eb8c3a737e4cdaa122267b89c022b5e
      url: "https://pub.dev"
    source: hosted
    version: "2.0.28"
  flutter_secure_storage:
    dependency: transitive
    description:
      name: flutter_secure_storage
      sha256: "9cad52d75ebc511adfae3d447d5d13da15a55a92c9410e50f67335b6d21d16ea"
      url: "https://pub.dev"
    source: hosted
    version: "9.2.4"
  flutter_secure_storage_linux:
    dependency: transitive
    description:
      name: flutter_secure_storage_linux
      sha256: be76c1d24a97d0b98f8b54bce6b481a380a6590df992d0098f868ad54dc8f688
      url: "https://pub.dev"
    source: hosted
    version: "1.2.3"
  flutter_secure_storage_macos:
    dependency: transitive
    description:
      name: flutter_secure_storage_macos
      sha256: "6c0a2795a2d1de26ae202a0d78527d163f4acbb11cde4c75c670f3a0fc064247"
      url: "https://pub.dev"
    source: hosted
    version: "3.1.3"
  flutter_secure_storage_platform_interface:
    dependency: transitive
    description:
      name: flutter_secure_storage_platform_interface
      sha256: cf91ad32ce5adef6fba4d736a542baca9daf3beac4db2d04be350b87f69ac4a8
      url: "https://pub.dev"
    source: hosted
    version: "1.1.2"
  flutter_secure_storage_web:
    dependency: transitive
    description:
      name: flutter_secure_storage_web
      sha256: f4ebff989b4f07b2656fb16b47852c0aab9fed9b4ec1c70103368337bc1886a9
      url: "https://pub.dev"
    source: hosted
    version: "1.2.1"
  flutter_secure_storage_windows:
    dependency: transitive
    description:
      name: flutter_secure_storage_windows
      sha256: b20b07cb5ed4ed74fc567b78a72936203f587eba460af1df11281c9326cd3709
      url: "https://pub.dev"
    source: hosted
    version: "3.1.2"
  flutter_svg:
    dependency: transitive
    description:
      name: flutter_svg
      sha256: cd57f7969b4679317c17af6fd16ee233c1e60a82ed209d8a475c54fd6fd6f845
      url: "https://pub.dev"
    source: hosted
    version: "2.2.0"
  flutter_test:
    dependency: "direct dev"
    description: flutter
    source: sdk
    version: "0.0.0"
  flutter_web_plugins:
    dependency: transitive
    description: flutter
    source: sdk
    version: "0.0.0"
  flutter_webrtc:
    dependency: transitive
    description:
      name: flutter_webrtc
      sha256: "6ea3a86d95b61cfe42d5715426d355b3cece6c88d0119de428d56f6c653811ce"
      url: "https://pub.dev"
    source: hosted
    version: "0.12.11"
  fluttertoast:
    dependency: "direct main"
    description:
      name: fluttertoast
      sha256: "25e51620424d92d3db3832464774a6143b5053f15e382d8ffbfd40b6e795dcf1"
      url: "https://pub.dev"
    source: hosted
    version: "8.2.12"
  get:
    dependency: transitive
    description:
      name: get
      sha256: c79eeb4339f1f3deffd9ec912f8a923834bec55f7b49c9e882b8fef2c139d425
      url: "https://pub.dev"
    source: hosted
    version: "4.7.2"
  get_storage:
    dependency: transitive
    description:
      name: get_storage
      sha256: "39db1fffe779d0c22b3a744376e86febe4ade43bf65e06eab5af707dc84185a2"
      url: "https://pub.dev"
    source: hosted
    version: "2.1.1"
  google_fonts:
    dependency: "direct main"
    description:
      name: google_fonts
      sha256: df9763500dadba0155373e9cb44e202ce21bd9ed5de6bdbd05c5854e86839cb8
      url: "https://pub.dev"
    source: hosted
    version: "6.3.0"
  google_identity_services_web:
    dependency: transitive
    description:
      name: google_identity_services_web
      sha256: "5d187c46dc59e02646e10fe82665fc3884a9b71bc1c90c2b8b749316d33ee454"
      url: "https://pub.dev"
    source: hosted
    version: "0.3.3+1"
  google_sign_in:
    dependency: "direct main"
    description:
      name: google_sign_in
      sha256: d0a2c3bcb06e607bb11e4daca48bd4b6120f0bbc4015ccebbe757d24ea60ed2a
      url: "https://pub.dev"
    source: hosted
    version: "6.3.0"
  google_sign_in_android:
    dependency: transitive
    description:
      name: google_sign_in_android
      sha256: d5e23c56a4b84b6427552f1cf3f98f716db3b1d1a647f16b96dbb5b93afa2805
      url: "https://pub.dev"
    source: hosted
    version: "6.2.1"
  google_sign_in_ios:
    dependency: transitive
    description:
      name: google_sign_in_ios
      sha256: "102005f498ce18442e7158f6791033bbc15ad2dcc0afa4cf4752e2722a516c96"
      url: "https://pub.dev"
    source: hosted
    version: "5.9.0"
  google_sign_in_platform_interface:
    dependency: transitive
    description:
      name: google_sign_in_platform_interface
      sha256: "5f6f79cf139c197261adb6ac024577518ae48fdff8e53205c5373b5f6430a8aa"
      url: "https://pub.dev"
    source: hosted
    version: "2.5.0"
  google_sign_in_web:
    dependency: transitive
    description:
      name: google_sign_in_web
      sha256: "460547beb4962b7623ac0fb8122d6b8268c951cf0b646dd150d60498430e4ded"
      url: "https://pub.dev"
    source: hosted
    version: "0.12.4+4"
  html:
    dependency: transitive
    description:
      name: html
      sha256: "6d1264f2dffa1b1101c25a91dff0dc2daee4c18e87cd8538729773c073dbf602"
      url: "https://pub.dev"
    source: hosted
    version: "0.15.6"
  http:
    dependency: "direct main"
    description:
      name: http
      sha256: "2c11f3f94c687ee9bad77c171151672986360b2b001d109814ee7140b2cf261b"
      url: "https://pub.dev"
    source: hosted
    version: "1.4.0"
  http_parser:
    dependency: transitive
    description:
      name: http_parser
      sha256: "178d74305e7866013777bab2c3d8726205dc5a4dd935297175b19a23a2e66571"
      url: "https://pub.dev"
    source: hosted
    version: "4.1.2"
  image:
    dependency: "direct main"
    description:
      name: image
      sha256: "4e973fcf4caae1a4be2fa0a13157aa38a8f9cb049db6529aa00b4d71abc4d928"
      url: "https://pub.dev"
    source: hosted
    version: "4.5.4"
  intl:
    dependency: "direct main"
    description:
      name: intl
      sha256: "3bc132a9dbce73a7e4a21a17d06e1878839ffbf975568bc875c60537824b0c4d"
      url: "https://pub.dev"
    source: hosted
    version: "0.18.1"
  js:
    dependency: transitive
    description:
      name: js
      sha256: f2c445dce49627136094980615a031419f7f3eb393237e4ecd97ac15dea343f3
      url: "https://pub.dev"
    source: hosted
    version: "0.6.7"
  just_audio:
    dependency: "direct main"
    description:
      name: just_audio
      sha256: f978d5b4ccea08f267dae0232ec5405c1b05d3f3cd63f82097ea46c015d5c09e
      url: "https://pub.dev"
    source: hosted
    version: "0.9.46"
  just_audio_platform_interface:
    dependency: transitive
    description:
      name: just_audio_platform_interface
      sha256: "4cd94536af0219fa306205a58e78d67e02b0555283c1c094ee41e402a14a5c4a"
      url: "https://pub.dev"
    source: hosted
    version: "4.5.0"
  just_audio_web:
    dependency: transitive
    description:
      name: just_audio_web
      sha256: "6ba8a2a7e87d57d32f0f7b42856ade3d6a9fbe0f1a11fabae0a4f00bb73f0663"
      url: "https://pub.dev"
    source: hosted
    version: "0.4.16"
  leak_tracker:
    dependency: transitive
    description:
      name: leak_tracker
      sha256: "6bb818ecbdffe216e81182c2f0714a2e62b593f4a4f13098713ff1685dfb6ab0"
      url: "https://pub.dev"
    source: hosted
    version: "10.0.9"
  leak_tracker_flutter_testing:
    dependency: transitive
    description:
      name: leak_tracker_flutter_testing
      sha256: f8b613e7e6a13ec79cfdc0e97638fddb3ab848452eff057653abd3edba760573
      url: "https://pub.dev"
    source: hosted
    version: "3.0.9"
  leak_tracker_testing:
    dependency: transitive
    description:
      name: leak_tracker_testing
      sha256: "6ba465d5d76e67ddf503e1161d1f4a6bc42306f9d66ca1e8f079a47290fb06d3"
      url: "https://pub.dev"
    source: hosted
    version: "3.0.1"
  lints:
    dependency: transitive
    description:
      name: lints
      sha256: cbf8d4b858bb0134ef3ef87841abdf8d63bfc255c266b7bf6b39daa1085c4290
      url: "https://pub.dev"
    source: hosted
    version: "3.0.0"
  logging:
    dependency: "direct main"
    description:
      name: logging
      sha256: c8245ada5f1717ed44271ed1c26b8ce85ca3228fd2ffdb75468ab01979309d61
      url: "https://pub.dev"
    source: hosted
    version: "1.3.0"
  matcher:
    dependency: transitive
    description:
      name: matcher
      sha256: dc58c723c3c24bf8d3e2d3ad3f2f9d7bd9cf43ec6feaa64181775e60190153f2
      url: "https://pub.dev"
    source: hosted
    version: "0.12.17"
  material_color_utilities:
    dependency: transitive
    description:
      name: material_color_utilities
      sha256: f7142bb1154231d7ea5f96bc7bde4bda2a0945d2806bb11670e30b850d56bdec
      url: "https://pub.dev"
    source: hosted
    version: "0.11.1"
  meta:
    dependency: transitive
    description:
      name: meta
      sha256: e3641ec5d63ebf0d9b41bd43201a66e3fc79a65db5f61fc181f04cd27aab950c
      url: "https://pub.dev"
    source: hosted
    version: "1.16.0"
  mime:
    dependency: transitive
    description:
      name: mime
      sha256: "801fd0b26f14a4a58ccb09d5892c3fbdeff209594300a542492cf13fba9d247a"
      url: "https://pub.dev"
    source: hosted
    version: "1.0.6"
  modal_bottom_sheet:
    dependency: "direct main"
    description:
      name: modal_bottom_sheet
      sha256: eac66ef8cb0461bf069a38c5eb0fa728cee525a531a8304bd3f7b2185407c67e
      url: "https://pub.dev"
    source: hosted
    version: "3.0.0"
  nm:
    dependency: transitive
    description:
      name: nm
      sha256: "2c9aae4127bdc8993206464fcc063611e0e36e72018696cd9631023a31b24254"
      url: "https://pub.dev"
    source: hosted
    version: "0.5.0"
  objectid:
    dependency: transitive
    description:
      name: objectid
      sha256: a6ee03b89818bfe210966d5bbc00ad5b19172298e5c2671c9c822a394c8339d8
      url: "https://pub.dev"
    source: hosted
    version: "3.1.0"
  octo_image:
    dependency: transitive
    description:
      name: octo_image
      sha256: "34faa6639a78c7e3cbe79be6f9f96535867e879748ade7d17c9b1ae7536293bd"
      url: "https://pub.dev"
    source: hosted
    version: "2.1.0"
  package_info_plus:
    dependency: "direct main"
    description:
      name: package_info_plus
      sha256: "7e76fad405b3e4016cd39d08f455a4eb5199723cf594cd1b8916d47140d93017"
      url: "https://pub.dev"
    source: hosted
    version: "4.2.0"
  package_info_plus_platform_interface:
    dependency: transitive
    description:
      name: package_info_plus_platform_interface
      sha256: "9bc8ba46813a4cc42c66ab781470711781940780fd8beddd0c3da62506d3a6c6"
      url: "https://pub.dev"
    source: hosted
    version: "2.0.1"
  path:
    dependency: transitive
    description:
      name: path
      sha256: "75cca69d1490965be98c73ceaea117e8a04dd21217b37b292c9ddbec0d955bc5"
      url: "https://pub.dev"
    source: hosted
    version: "1.9.1"
  path_parsing:
    dependency: transitive
    description:
      name: path_parsing
      sha256: "883402936929eac138ee0a45da5b0f2c80f89913e6dc3bf77eb65b84b409c6ca"
      url: "https://pub.dev"
    source: hosted
    version: "1.1.0"
  path_provider:
    dependency: "direct main"
    description:
      name: path_provider
      sha256: "50c5dd5b6e1aaf6fb3a78b33f6aa3afca52bf903a8a5298f53101fdaee55bbcd"
      url: "https://pub.dev"
    source: hosted
    version: "2.1.5"
  path_provider_android:
    dependency: transitive
    description:
      name: path_provider_android
      sha256: d0d310befe2c8ab9e7f393288ccbb11b60c019c6b5afc21973eeee4dda2b35e9
      url: "https://pub.dev"
    source: hosted
    version: "2.2.17"
  path_provider_foundation:
    dependency: transitive
    description:
      name: path_provider_foundation
      sha256: "4843174df4d288f5e29185bd6e72a6fbdf5a4a4602717eed565497429f179942"
      url: "https://pub.dev"
    source: hosted
    version: "2.4.1"
  path_provider_linux:
    dependency: transitive
    description:
      name: path_provider_linux
      sha256: f7a1fe3a634fe7734c8d3f2766ad746ae2a2884abe22e241a8b301bf5cac3279
      url: "https://pub.dev"
    source: hosted
    version: "2.2.1"
  path_provider_platform_interface:
    dependency: transitive
    description:
      name: path_provider_platform_interface
      sha256: "88f5779f72ba699763fa3a3b06aa4bf6de76c8e5de842cf6f29e2e06476c2334"
      url: "https://pub.dev"
    source: hosted
    version: "2.1.2"
  path_provider_windows:
    dependency: transitive
    description:
      name: path_provider_windows
      sha256: bd6f00dbd873bfb70d0761682da2b3a2c2fccc2b9e84c495821639601d81afe7
      url: "https://pub.dev"
    source: hosted
    version: "2.3.0"
  petitparser:
    dependency: transitive
    description:
      name: petitparser
      sha256: "07c8f0b1913bcde1ff0d26e57ace2f3012ccbf2b204e070290dad3bb22797646"
      url: "https://pub.dev"
    source: hosted
    version: "6.1.0"
  photo_view:
    dependency: "direct main"
    description:
      name: photo_view
      sha256: "8036802a00bae2a78fc197af8a158e3e2f7b500561ed23b4c458107685e645bb"
      url: "https://pub.dev"
    source: hosted
    version: "0.14.0"
  platform:
    dependency: transitive
    description:
      name: platform
      sha256: "5d6b1b0036a5f331ebc77c850ebc8506cbc1e9416c27e59b439f917a902a4984"
      url: "https://pub.dev"
    source: hosted
    version: "3.1.6"
  plugin_platform_interface:
    dependency: transitive
    description:
      name: plugin_platform_interface
      sha256: "4820fbfdb9478b1ebae27888254d445073732dae3d6ea81f0b7e06d5dedc3f02"
      url: "https://pub.dev"
    source: hosted
    version: "2.1.8"
  posix:
    dependency: transitive
    description:
      name: posix
      sha256: "6323a5b0fa688b6a010df4905a56b00181479e6d10534cecfecede2aa55add61"
      url: "https://pub.dev"
    source: hosted
    version: "6.0.3"
  quiver:
    dependency: transitive
    description:
      name: quiver
      sha256: ea0b925899e64ecdfbf9c7becb60d5b50e706ade44a85b2363be2a22d88117d2
      url: "https://pub.dev"
    source: hosted
    version: "3.2.2"
  record:
    dependency: "direct main"
    description:
      name: record
      sha256: daeb3f9b3fea9797094433fe6e49a879d8e4ca4207740bc6dc7e4a58764f0817
      url: "https://pub.dev"
    source: hosted
    version: "6.0.0"
  record_android:
    dependency: transitive
    description:
      name: record_android
      sha256: "97d7122455f30de89a01c6c244c839085be6b12abca251fc0e78f67fed73628b"
      url: "https://pub.dev"
    source: hosted
    version: "1.3.3"
  record_ios:
    dependency: transitive
    description:
      name: record_ios
      sha256: "73706ebbece6150654c9d6f57897cf9b622c581148304132ba85dba15df0fdfb"
      url: "https://pub.dev"
    source: hosted
    version: "1.0.0"
  record_linux:
    dependency: transitive
    description:
      name: record_linux
      sha256: "0626678a092c75ce6af1e32fe7fd1dea709b92d308bc8e3b6d6348e2430beb95"
      url: "https://pub.dev"
    source: hosted
    version: "1.1.1"
  record_macos:
    dependency: transitive
    description:
      name: record_macos
      sha256: "02240833fde16c33fcf2c589f3e08d4394b704761b4a3bb609d872ff3043fbbd"
      url: "https://pub.dev"
    source: hosted
    version: "1.0.0"
  record_platform_interface:
    dependency: transitive
    description:
      name: record_platform_interface
      sha256: c1ad38f51e4af88a085b3e792a22c685cb3e7c23fc37aa7ce44c4cf18f25fe89
      url: "https://pub.dev"
    source: hosted
    version: "1.3.0"
  record_web:
    dependency: transitive
    description:
      name: record_web
      sha256: a12856d0b3dd03d336b4b10d7520a8b3e21649a06a8f95815318feaa8f07adbb
      url: "https://pub.dev"
    source: hosted
    version: "1.1.9"
  record_windows:
    dependency: transitive
    description:
      name: record_windows
      sha256: "85a22fc97f6d73ecd67c8ba5f2f472b74ef1d906f795b7970f771a0914167e99"
      url: "https://pub.dev"
    source: hosted
    version: "1.0.6"
  rxdart:
    dependency: transitive
    description:
      name: rxdart
      sha256: "5c3004a4a8dbb94bd4bf5412a4def4acdaa12e12f269737a5751369e12d1a962"
      url: "https://pub.dev"
    source: hosted
    version: "0.28.0"
  shared_preferences:
    dependency: "direct main"
    description:
      name: shared_preferences
      sha256: "6e8bf70b7fef813df4e9a36f658ac46d107db4b4cfe1048b477d4e453a8159f5"
      url: "https://pub.dev"
    source: hosted
    version: "2.5.3"
  shared_preferences_android:
    dependency: transitive
    description:
      name: shared_preferences_android
      sha256: "20cbd561f743a342c76c151d6ddb93a9ce6005751e7aa458baad3858bfbfb6ac"
      url: "https://pub.dev"
    source: hosted
    version: "2.4.10"
  shared_preferences_foundation:
    dependency: transitive
    description:
      name: shared_preferences_foundation
      sha256: "6a52cfcdaeac77cad8c97b539ff688ccfc458c007b4db12be584fbe5c0e49e03"
      url: "https://pub.dev"
    source: hosted
    version: "2.5.4"
  shared_preferences_linux:
    dependency: transitive
    description:
      name: shared_preferences_linux
      sha256: "580abfd40f415611503cae30adf626e6656dfb2f0cee8f465ece7b6defb40f2f"
      url: "https://pub.dev"
    source: hosted
    version: "2.4.1"
  shared_preferences_platform_interface:
    dependency: transitive
    description:
      name: shared_preferences_platform_interface
      sha256: "57cbf196c486bc2cf1f02b85784932c6094376284b3ad5779d1b1c6c6a816b80"
      url: "https://pub.dev"
    source: hosted
    version: "2.4.1"
  shared_preferences_web:
    dependency: transitive
    description:
      name: shared_preferences_web
      sha256: c49bd060261c9a3f0ff445892695d6212ff603ef3115edbb448509d407600019
      url: "https://pub.dev"
    source: hosted
    version: "2.4.3"
  shared_preferences_windows:
    dependency: transitive
    description:
      name: shared_preferences_windows
      sha256: "94ef0f72b2d71bc3e700e025db3710911bd51a71cefb65cc609dd0d9a982e3c1"
      url: "https://pub.dev"
    source: hosted
    version: "2.4.1"
  sky_engine:
    dependency: transitive
    description: flutter
    source: sdk
    version: "0.0.0"
  source_span:
    dependency: transitive
    description:
      name: source_span
      sha256: "254ee5351d6cb365c859e20ee823c3bb479bf4a293c22d17a9f1bf144ce86f7c"
      url: "https://pub.dev"
    source: hosted
    version: "1.10.1"
  sqflite:
    dependency: transitive
    description:
      name: sqflite
      sha256: e2297b1da52f127bc7a3da11439985d9b536f75070f3325e62ada69a5c585d03
      url: "https://pub.dev"
    source: hosted
    version: "2.4.2"
  sqflite_android:
    dependency: transitive
    description:
      name: sqflite_android
      sha256: "2b3070c5fa881839f8b402ee4a39c1b4d561704d4ebbbcfb808a119bc2a1701b"
      url: "https://pub.dev"
    source: hosted
    version: "2.4.1"
  sqflite_common:
    dependency: transitive
    description:
      name: sqflite_common
      sha256: "6ef422a4525ecc601db6c0a2233ff448c731307906e92cabc9ba292afaae16a6"
      url: "https://pub.dev"
    source: hosted
    version: "2.5.6"
  sqflite_darwin:
    dependency: transitive
    description:
      name: sqflite_darwin
      sha256: "279832e5cde3fe99e8571879498c9211f3ca6391b0d818df4e17d9fff5c6ccb3"
      url: "https://pub.dev"
    source: hosted
    version: "2.4.2"
  sqflite_platform_interface:
    dependency: transitive
    description:
      name: sqflite_platform_interface
      sha256: "8dd4515c7bdcae0a785b0062859336de775e8c65db81ae33dd5445f35be61920"
      url: "https://pub.dev"
    source: hosted
    version: "2.4.0"
  stack_trace:
    dependency: transitive
    description:
      name: stack_trace
      sha256: "8b27215b45d22309b5cddda1aa2b19bdfec9df0e765f2de506401c071d38d1b1"
      url: "https://pub.dev"
    source: hosted
    version: "1.12.1"
  stream_channel:
    dependency: transitive
    description:
      name: stream_channel
      sha256: "969e04c80b8bcdf826f8f16579c7b14d780458bd97f56d107d3950fdbeef059d"
      url: "https://pub.dev"
    source: hosted
    version: "2.1.4"
  string_scanner:
    dependency: transitive
    description:
      name: string_scanner
      sha256: "921cd31725b72fe181906c6a94d987c78e3b98c2e205b397ea399d4054872b43"
      url: "https://pub.dev"
    source: hosted
    version: "1.4.1"
  synchronized:
    dependency: transitive
    description:
      name: synchronized
      sha256: c254ade258ec8282947a0acbbc90b9575b4f19673533ee46f2f6e9b3aeefd7c0
      url: "https://pub.dev"
    source: hosted
    version: "3.4.0"
  term_glyph:
    dependency: transitive
    description:
      name: term_glyph
      sha256: "7f554798625ea768a7518313e58f83891c7f5024f88e46e7182a4558850a4b8e"
      url: "https://pub.dev"
    source: hosted
    version: "1.2.2"
  test_api:
    dependency: transitive
    description:
      name: test_api
      sha256: fb31f383e2ee25fbbfe06b40fe21e1e458d14080e3c67e7ba0acfde4df4e0bbd
      url: "https://pub.dev"
    source: hosted
    version: "0.7.4"
  timezone:
    dependency: transitive
    description:
      name: timezone
      sha256: "2236ec079a174ce07434e89fcd3fcda430025eb7692244139a9cf54fdcf1fc7d"
      url: "https://pub.dev"
    source: hosted
    version: "0.9.4"
  tuple:
    dependency: transitive
    description:
      name: tuple
      sha256: a97ce2013f240b2f3807bcbaf218765b6f301c3eff91092bcfa23a039e7dd151
      url: "https://pub.dev"
    source: hosted
    version: "2.0.2"
  typed_data:
    dependency: transitive
    description:
      name: typed_data
      sha256: f9049c039ebfeb4cf7a7104a675823cd72dba8297f264b6637062516699fa006
      url: "https://pub.dev"
    source: hosted
    version: "1.4.0"
  universal_io:
    dependency: "direct main"
    description:
      name: universal_io
      sha256: "1722b2dcc462b4b2f3ee7d188dad008b6eb4c40bbd03a3de451d82c78bba9aad"
      url: "https://pub.dev"
    source: hosted
    version: "2.2.2"
  unorm_dart:
    dependency: transitive
    description:
      name: unorm_dart
      sha256: "8e3870a1caa60bde8352f9597dd3535d8068613269444f8e35ea8925ec84c1f5"
      url: "https://pub.dev"
    source: hosted
    version: "0.3.1+1"
  url_launcher:
    dependency: "direct main"
    description:
      name: url_launcher
      sha256: f6a7e5c4835bb4e3026a04793a4199ca2d14c739ec378fdfe23fc8075d0439f8
      url: "https://pub.dev"
    source: hosted
    version: "6.3.2"
  url_launcher_android:
    dependency: transitive
    description:
      name: url_launcher_android
      sha256: "8582d7f6fe14d2652b4c45c9b6c14c0b678c2af2d083a11b604caeba51930d79"
      url: "https://pub.dev"
    source: hosted
    version: "6.3.16"
  url_launcher_ios:
    dependency: transitive
    description:
      name: url_launcher_ios
      sha256: "7f2022359d4c099eea7df3fdf739f7d3d3b9faf3166fb1dd390775176e0b76cb"
      url: "https://pub.dev"
    source: hosted
    version: "6.3.3"
  url_launcher_linux:
    dependency: transitive
    description:
      name: url_launcher_linux
      sha256: "4e9ba368772369e3e08f231d2301b4ef72b9ff87c31192ef471b380ef29a4935"
      url: "https://pub.dev"
    source: hosted
    version: "3.2.1"
  url_launcher_macos:
    dependency: transitive
    description:
      name: url_launcher_macos
      sha256: "17ba2000b847f334f16626a574c702b196723af2a289e7a93ffcb79acff855c2"
      url: "https://pub.dev"
    source: hosted
    version: "3.2.2"
  url_launcher_platform_interface:
    dependency: transitive
    description:
      name: url_launcher_platform_interface
      sha256: "552f8a1e663569be95a8190206a38187b531910283c3e982193e4f2733f01029"
      url: "https://pub.dev"
    source: hosted
    version: "2.3.2"
  url_launcher_web:
    dependency: transitive
    description:
      name: url_launcher_web
      sha256: "4bd2b7b4dc4d4d0b94e5babfffbca8eac1a126c7f3d6ecbc1a11013faa3abba2"
      url: "https://pub.dev"
    source: hosted
    version: "2.4.1"
  url_launcher_windows:
    dependency: transitive
    description:
      name: url_launcher_windows
      sha256: "3284b6d2ac454cf34f114e1d3319866fdd1e19cdc329999057e44ffe936cfa77"
      url: "https://pub.dev"
    source: hosted
    version: "3.1.4"
  uuid:
    dependency: "direct main"
    description:
      name: uuid
      sha256: "648e103079f7c64a36dc7d39369cabb358d377078a051d6ae2ad3aa539519313"
      url: "https://pub.dev"
    source: hosted
    version: "3.0.7"
  vector_graphics:
    dependency: transitive
    description:
      name: vector_graphics
      sha256: a4f059dc26fc8295b5921376600a194c4ec7d55e72f2fe4c7d2831e103d461e6
      url: "https://pub.dev"
    source: hosted
    version: "1.1.19"
  vector_graphics_codec:
    dependency: transitive
    description:
      name: vector_graphics_codec
      sha256: "99fd9fbd34d9f9a32efd7b6a6aae14125d8237b10403b422a6a6dfeac2806146"
      url: "https://pub.dev"
    source: hosted
    version: "1.1.13"
  vector_graphics_compiler:
    dependency: transitive
    description:
      name: vector_graphics_compiler
      sha256: "557a315b7d2a6dbb0aaaff84d857967ce6bdc96a63dc6ee2a57ce5a6ee5d3331"
      url: "https://pub.dev"
    source: hosted
    version: "1.1.17"
  vector_math:
    dependency: transitive
    description:
      name: vector_math
      sha256: "80b3257d1492ce4d091729e3a67a60407d227c27241d6927be0130c98e741803"
      url: "https://pub.dev"
    source: hosted
    version: "2.1.4"
  video_player_android:
    dependency: transitive
    description:
      name: video_player_android
      sha256: "0fabf59eea728a6a887f29f2818eafbefb4b37c727dbb62dccef56c9287a692f"
      url: "https://pub.dev"
    source: hosted
    version: "2.8.10"
  video_player_avfoundation:
    dependency: transitive
    description:
      name: video_player_avfoundation
      sha256: "509ef9cfe7a3379783ccf306d45f5b5fc9db747401f956ce31c963417019e48e"
      url: "https://pub.dev"
    source: hosted
    version: "2.8.2"
  video_player_platform_interface:
    dependency: transitive
    description:
      name: video_player_platform_interface
      sha256: cf2a1d29a284db648fd66cbd18aacc157f9862d77d2cc790f6f9678a46c1db5a
      url: "https://pub.dev"
    source: hosted
    version: "6.4.0"
  video_player_web:
    dependency: transitive
    description:
      name: video_player_web
      sha256: "9f3c00be2ef9b76a95d94ac5119fb843dca6f2c69e6c9968f6f2b6c9e7afbdeb"
      url: "https://pub.dev"
    source: hosted
    version: "2.4.0"
  vm_service:
    dependency: transitive
    description:
      name: vm_service
      sha256: ddfa8d30d89985b96407efce8acbdd124701f96741f2d981ca860662f1c0dc02
      url: "https://pub.dev"
    source: hosted
    version: "15.0.0"
  web:
    dependency: transitive
    description:
      name: web
      sha256: "868d88a33d8a87b18ffc05f9f030ba328ffefba92d6c127917a2ba740f9cfe4a"
      url: "https://pub.dev"
    source: hosted
    version: "1.1.1"
  web_socket_channel:
    dependency: "direct overridden"
    description:
      name: web_socket_channel
      sha256: d88238e5eac9a42bb43ca4e721edba3c08c6354d4a53063afaa568516217621b
      url: "https://pub.dev"
    source: hosted
    version: "2.4.0"
  webrtc_interface:
    dependency: transitive
    description:
      name: webrtc_interface
      sha256: e05f00091c9c70a15bab4ccb1b6c46d9a16a6075002f02cfac3641eccb05e25d
      url: "https://pub.dev"
    source: hosted
    version: "1.2.1+hotfix.1"
  win32:
    dependency: transitive
    description:
      name: win32
      sha256: "66814138c3562338d05613a6e368ed8cfb237ad6d64a9e9334be3f309acfca03"
      url: "https://pub.dev"
    source: hosted
    version: "5.14.0"
  win32_registry:
    dependency: transitive
    description:
      name: win32_registry
      sha256: "21ec76dfc731550fd3e2ce7a33a9ea90b828fdf19a5c3bcf556fa992cfa99852"
      url: "https://pub.dev"
    source: hosted
    version: "1.1.5"
  xdg_directories:
    dependency: transitive
    description:
      name: xdg_directories
      sha256: "7a3f37b05d989967cdddcbb571f1ea834867ae2faa29725fd085180e0883aa15"
      url: "https://pub.dev"
    source: hosted
    version: "1.1.0"
  xml:
    dependency: transitive
    description:
      name: xml
      sha256: b015a8ad1c488f66851d762d3090a21c600e479dc75e68328c52774040cf9226
      url: "https://pub.dev"
    source: hosted
    version: "6.5.0"
  xmpp_stone:
    dependency: transitive
    description:
      name: xmpp_stone
      sha256: "3e6caf91d32f56b0de686a6992d22ed508240d80fbfb3861e6261e97f5810741"
      url: "https://pub.dev"
    source: hosted
    version: "0.4.4-dev.7"
sdks:
  dart: ">=3.8.0 <4.0.0"
  flutter: ">=3.29.0"
