PODS:
  - flutter_webrtc (0.9.22):
    - FlutterMacOS
    - WebRTC-SDK (= 104.5112.12)
  - FlutterMacOS (1.0.0)
  - path_provider_macos (0.0.1):
    - FlutterMacOS
  - platform_device_id (0.0.1):
    - FlutterMacOS
  - platform_device_id_macos (0.0.1):
    - FlutterMacOS
  - WebRTC-SDK (104.5112.12)

DEPENDENCIES:
  - flutter_webrtc (from `Flutter/ephemeral/.symlinks/plugins/flutter_webrtc/macos`)
  - FlutterMacOS (from `Flutter/ephemeral`)
  - path_provider_macos (from `Flutter/ephemeral/.symlinks/plugins/path_provider_macos/macos`)
  - platform_device_id (from `Flutter/ephemeral/.symlinks/plugins/platform_device_id/macos`)
  - platform_device_id_macos (from `Flutter/ephemeral/.symlinks/plugins/platform_device_id_macos/macos`)

SPEC REPOS:
  trunk:
    - WebRTC-SDK

EXTERNAL SOURCES:
  flutter_webrtc:
    :path: Flutter/ephemeral/.symlinks/plugins/flutter_webrtc/macos
  FlutterMacOS:
    :path: Flutter/ephemeral
  path_provider_macos:
    :path: Flutter/ephemeral/.symlinks/plugins/path_provider_macos/macos
  platform_device_id:
    :path: Flutter/ephemeral/.symlinks/plugins/platform_device_id/macos
  platform_device_id_macos:
    :path: Flutter/ephemeral/.symlinks/plugins/platform_device_id_macos/macos

SPEC CHECKSUMS:
  flutter_webrtc: 0e2af3876ed28d4599c06734c771c2526309356b
  FlutterMacOS: ae6af50a8ea7d6103d888583d46bd8328a7e9811
  path_provider_macos: 3c0c3b4b0d4a76d2bf989a913c2de869c5641a19
  platform_device_id: 3e414428f45df149bbbfb623e2c0ca27c545b763
  platform_device_id_macos: f763bb55f088be804d61b96eb4710b8ab6598e94
  WebRTC-SDK: 6469c304549f7187e7e67119c8b3184f9ec6b7f6

PODFILE CHECKSUM: 6eac6b3292e5142cfc23bdeb71848a40ec51c14c

COCOAPODS: 1.11.3
